// !$*UTF8*$!
{
	archiveVersion = 1;
	classes = {
	};
	objectVersion = 46;
	objects = {

/* Begin PBXBuildFile section */
		B0943AAD1FC2AAAC00BE4E59 /* main.m in Sources */ = {isa = PBXBuildFile; fileRef = B0943AAC1FC2AAAC00BE4E59 /* main.m */; };
		B0943AB01FC2AAAC00BE4E59 /* AppDelegate.m in Sources */ = {isa = PBXBuildFile; fileRef = B0943AAF1FC2AAAC00BE4E59 /* AppDelegate.m */; };
		B0943AB31FC2AAAC00BE4E59 /* ViewController.m in Sources */ = {isa = PBXBuildFile; fileRef = B0943AB21FC2AAAC00BE4E59 /* ViewController.m */; };
		B0943AB61FC2AAAC00BE4E59 /* Main.storyboard in Resources */ = {isa = PBXBuildFile; fileRef = B0943AB41FC2AAAC00BE4E59 /* Main.storyboard */; };
		B0943AB81FC2AAAC00BE4E59 /* Assets.xcassets in Resources */ = {isa = PBXBuildFile; fileRef = B0943AB71FC2AAAC00BE4E59 /* Assets.xcassets */; };
		B0943ABB1FC2AAAC00BE4E59 /* LaunchScreen.storyboard in Resources */ = {isa = PBXBuildFile; fileRef = B0943AB91FC2AAAC00BE4E59 /* LaunchScreen.storyboard */; };
		B0943AC61FC2AAAD00BE4E59 /* ____Tests.m in Sources */ = {isa = PBXBuildFile; fileRef = B0943AC51FC2AAAD00BE4E59 /* ____Tests.m */; };
		B0943AD11FC2AAAD00BE4E59 /* ____UITests.m in Sources */ = {isa = PBXBuildFile; fileRef = B0943AD01FC2AAAD00BE4E59 /* ____UITests.m */; };
/* End PBXBuildFile section */

/* Begin PBXContainerItemProxy section */
		B0943AC21FC2AAAD00BE4E59 /* PBXContainerItemProxy */ = {
			isa = PBXContainerItemProxy;
			containerPortal = B0943AA01FC2AAAC00BE4E59 /* Project object */;
			proxyType = 1;
			remoteGlobalIDString = B0943AA71FC2AAAC00BE4E59;
			remoteInfo = "正则校验";
		};
		B0943ACD1FC2AAAD00BE4E59 /* PBXContainerItemProxy */ = {
			isa = PBXContainerItemProxy;
			containerPortal = B0943AA01FC2AAAC00BE4E59 /* Project object */;
			proxyType = 1;
			remoteGlobalIDString = B0943AA71FC2AAAC00BE4E59;
			remoteInfo = "正则校验";
		};
/* End PBXContainerItemProxy section */

/* Begin PBXFileReference section */
		B0943AA81FC2AAAC00BE4E59 /* 正则校验.app */ = {isa = PBXFileReference; explicitFileType = wrapper.application; includeInIndex = 0; path = "正则校验.app"; sourceTree = BUILT_PRODUCTS_DIR; };
		B0943AAC1FC2AAAC00BE4E59 /* main.m */ = {isa = PBXFileReference; lastKnownFileType = sourcecode.c.objc; path = main.m; sourceTree = "<group>"; };
		B0943AAE1FC2AAAC00BE4E59 /* AppDelegate.h */ = {isa = PBXFileReference; lastKnownFileType = sourcecode.c.h; path = AppDelegate.h; sourceTree = "<group>"; };
		B0943AAF1FC2AAAC00BE4E59 /* AppDelegate.m */ = {isa = PBXFileReference; lastKnownFileType = sourcecode.c.objc; path = AppDelegate.m; sourceTree = "<group>"; };
		B0943AB11FC2AAAC00BE4E59 /* ViewController.h */ = {isa = PBXFileReference; lastKnownFileType = sourcecode.c.h; path = ViewController.h; sourceTree = "<group>"; };
		B0943AB21FC2AAAC00BE4E59 /* ViewController.m */ = {isa = PBXFileReference; lastKnownFileType = sourcecode.c.objc; path = ViewController.m; sourceTree = "<group>"; };
		B0943AB51FC2AAAC00BE4E59 /* Base */ = {isa = PBXFileReference; lastKnownFileType = file.storyboard; name = Base; path = Base.lproj/Main.storyboard; sourceTree = "<group>"; };
		B0943AB71FC2AAAC00BE4E59 /* Assets.xcassets */ = {isa = PBXFileReference; lastKnownFileType = folder.assetcatalog; path = Assets.xcassets; sourceTree = "<group>"; };
		B0943ABA1FC2AAAC00BE4E59 /* Base */ = {isa = PBXFileReference; lastKnownFileType = file.storyboard; name = Base; path = Base.lproj/LaunchScreen.storyboard; sourceTree = "<group>"; };
		B0943ABC1FC2AAAC00BE4E59 /* Info.plist */ = {isa = PBXFileReference; lastKnownFileType = text.plist.xml; path = Info.plist; sourceTree = "<group>"; };
		B0943AC11FC2AAAD00BE4E59 /* 正则校验Tests.xctest */ = {isa = PBXFileReference; explicitFileType = wrapper.cfbundle; includeInIndex = 0; path = "正则校验Tests.xctest"; sourceTree = BUILT_PRODUCTS_DIR; };
		B0943AC51FC2AAAD00BE4E59 /* ____Tests.m */ = {isa = PBXFileReference; lastKnownFileType = sourcecode.c.objc; path = "____Tests.m"; sourceTree = "<group>"; };
		B0943AC71FC2AAAD00BE4E59 /* Info.plist */ = {isa = PBXFileReference; lastKnownFileType = text.plist.xml; path = Info.plist; sourceTree = "<group>"; };
		B0943ACC1FC2AAAD00BE4E59 /* 正则校验UITests.xctest */ = {isa = PBXFileReference; explicitFileType = wrapper.cfbundle; includeInIndex = 0; path = "正则校验UITests.xctest"; sourceTree = BUILT_PRODUCTS_DIR; };
		B0943AD01FC2AAAD00BE4E59 /* ____UITests.m */ = {isa = PBXFileReference; lastKnownFileType = sourcecode.c.objc; path = "____UITests.m"; sourceTree = "<group>"; };
		B0943AD21FC2AAAD00BE4E59 /* Info.plist */ = {isa = PBXFileReference; lastKnownFileType = text.plist.xml; path = Info.plist; sourceTree = "<group>"; };
/* End PBXFileReference section */

/* Begin PBXFrameworksBuildPhase section */
		B0943AA51FC2AAAC00BE4E59 /* Frameworks */ = {
			isa = PBXFrameworksBuildPhase;
			buildActionMask = 2147483647;
			files = (
			);
			runOnlyForDeploymentPostprocessing = 0;
		};
		B0943ABE1FC2AAAD00BE4E59 /* Frameworks */ = {
			isa = PBXFrameworksBuildPhase;
			buildActionMask = 2147483647;
			files = (
			);
			runOnlyForDeploymentPostprocessing = 0;
		};
		B0943AC91FC2AAAD00BE4E59 /* Frameworks */ = {
			isa = PBXFrameworksBuildPhase;
			buildActionMask = 2147483647;
			files = (
			);
			runOnlyForDeploymentPostprocessing = 0;
		};
/* End PBXFrameworksBuildPhase section */

/* Begin PBXGroup section */
		B0943A9F1FC2AAAC00BE4E59 = {
			isa = PBXGroup;
			children = (
				B0943AAA1FC2AAAC00BE4E59 /* 正则校验 */,
				B0943AC41FC2AAAD00BE4E59 /* 正则校验Tests */,
				B0943ACF1FC2AAAD00BE4E59 /* 正则校验UITests */,
				B0943AA91FC2AAAC00BE4E59 /* Products */,
			);
			sourceTree = "<group>";
		};
		B0943AA91FC2AAAC00BE4E59 /* Products */ = {
			isa = PBXGroup;
			children = (
				B0943AA81FC2AAAC00BE4E59 /* 正则校验.app */,
				B0943AC11FC2AAAD00BE4E59 /* 正则校验Tests.xctest */,
				B0943ACC1FC2AAAD00BE4E59 /* 正则校验UITests.xctest */,
			);
			name = Products;
			sourceTree = "<group>";
		};
		B0943AAA1FC2AAAC00BE4E59 /* 正则校验 */ = {
			isa = PBXGroup;
			children = (
				B0943AAE1FC2AAAC00BE4E59 /* AppDelegate.h */,
				B0943AAF1FC2AAAC00BE4E59 /* AppDelegate.m */,
				B0943AB11FC2AAAC00BE4E59 /* ViewController.h */,
				B0943AB21FC2AAAC00BE4E59 /* ViewController.m */,
				B0943AB41FC2AAAC00BE4E59 /* Main.storyboard */,
				B0943AB71FC2AAAC00BE4E59 /* Assets.xcassets */,
				B0943AB91FC2AAAC00BE4E59 /* LaunchScreen.storyboard */,
				B0943ABC1FC2AAAC00BE4E59 /* Info.plist */,
				B0943AAB1FC2AAAC00BE4E59 /* Supporting Files */,
			);
			path = "正则校验";
			sourceTree = "<group>";
		};
		B0943AAB1FC2AAAC00BE4E59 /* Supporting Files */ = {
			isa = PBXGroup;
			children = (
				B0943AAC1FC2AAAC00BE4E59 /* main.m */,
			);
			name = "Supporting Files";
			sourceTree = "<group>";
		};
		B0943AC41FC2AAAD00BE4E59 /* 正则校验Tests */ = {
			isa = PBXGroup;
			children = (
				B0943AC51FC2AAAD00BE4E59 /* ____Tests.m */,
				B0943AC71FC2AAAD00BE4E59 /* Info.plist */,
			);
			path = "正则校验Tests";
			sourceTree = "<group>";
		};
		B0943ACF1FC2AAAD00BE4E59 /* 正则校验UITests */ = {
			isa = PBXGroup;
			children = (
				B0943AD01FC2AAAD00BE4E59 /* ____UITests.m */,
				B0943AD21FC2AAAD00BE4E59 /* Info.plist */,
			);
			path = "正则校验UITests";
			sourceTree = "<group>";
		};
/* End PBXGroup section */

/* Begin PBXNativeTarget section */
		B0943AA71FC2AAAC00BE4E59 /* 正则校验 */ = {
			isa = PBXNativeTarget;
			buildConfigurationList = B0943AD51FC2AAAD00BE4E59 /* Build configuration list for PBXNativeTarget "正则校验" */;
			buildPhases = (
				B0943AA41FC2AAAC00BE4E59 /* Sources */,
				B0943AA51FC2AAAC00BE4E59 /* Frameworks */,
				B0943AA61FC2AAAC00BE4E59 /* Resources */,
			);
			buildRules = (
			);
			dependencies = (
			);
			name = "正则校验";
			productName = "正则校验";
			productReference = B0943AA81FC2AAAC00BE4E59 /* 正则校验.app */;
			productType = "com.apple.product-type.application";
		};
		B0943AC01FC2AAAD00BE4E59 /* 正则校验Tests */ = {
			isa = PBXNativeTarget;
			buildConfigurationList = B0943AD81FC2AAAD00BE4E59 /* Build configuration list for PBXNativeTarget "正则校验Tests" */;
			buildPhases = (
				B0943ABD1FC2AAAD00BE4E59 /* Sources */,
				B0943ABE1FC2AAAD00BE4E59 /* Frameworks */,
				B0943ABF1FC2AAAD00BE4E59 /* Resources */,
			);
			buildRules = (
			);
			dependencies = (
				B0943AC31FC2AAAD00BE4E59 /* PBXTargetDependency */,
			);
			name = "正则校验Tests";
			productName = "正则校验Tests";
			productReference = B0943AC11FC2AAAD00BE4E59 /* 正则校验Tests.xctest */;
			productType = "com.apple.product-type.bundle.unit-test";
		};
		B0943ACB1FC2AAAD00BE4E59 /* 正则校验UITests */ = {
			isa = PBXNativeTarget;
			buildConfigurationList = B0943ADB1FC2AAAD00BE4E59 /* Build configuration list for PBXNativeTarget "正则校验UITests" */;
			buildPhases = (
				B0943AC81FC2AAAD00BE4E59 /* Sources */,
				B0943AC91FC2AAAD00BE4E59 /* Frameworks */,
				B0943ACA1FC2AAAD00BE4E59 /* Resources */,
			);
			buildRules = (
			);
			dependencies = (
				B0943ACE1FC2AAAD00BE4E59 /* PBXTargetDependency */,
			);
			name = "正则校验UITests";
			productName = "正则校验UITests";
			productReference = B0943ACC1FC2AAAD00BE4E59 /* 正则校验UITests.xctest */;
			productType = "com.apple.product-type.bundle.ui-testing";
		};
/* End PBXNativeTarget section */

/* Begin PBXProject section */
		B0943AA01FC2AAAC00BE4E59 /* Project object */ = {
			isa = PBXProject;
			attributes = {
				LastUpgradeCheck = 0820;
				ORGANIZATIONNAME = com.100credit.www;
				TargetAttributes = {
					B0943AA71FC2AAAC00BE4E59 = {
						CreatedOnToolsVersion = 8.2.1;
						DevelopmentTeam = AG7ZCYPPL5;
						ProvisioningStyle = Automatic;
					};
					B0943AC01FC2AAAD00BE4E59 = {
						CreatedOnToolsVersion = 8.2.1;
						DevelopmentTeam = AG7ZCYPPL5;
						ProvisioningStyle = Automatic;
						TestTargetID = B0943AA71FC2AAAC00BE4E59;
					};
					B0943ACB1FC2AAAD00BE4E59 = {
						CreatedOnToolsVersion = 8.2.1;
						DevelopmentTeam = AG7ZCYPPL5;
						ProvisioningStyle = Automatic;
						TestTargetID = B0943AA71FC2AAAC00BE4E59;
					};
				};
			};
			buildConfigurationList = B0943AA31FC2AAAC00BE4E59 /* Build configuration list for PBXProject "正则校验" */;
			compatibilityVersion = "Xcode 3.2";
			developmentRegion = English;
			hasScannedForEncodings = 0;
			knownRegions = (
				en,
				Base,
			);
			mainGroup = B0943A9F1FC2AAAC00BE4E59;
			productRefGroup = B0943AA91FC2AAAC00BE4E59 /* Products */;
			projectDirPath = "";
			projectRoot = "";
			targets = (
				B0943AA71FC2AAAC00BE4E59 /* 正则校验 */,
				B0943AC01FC2AAAD00BE4E59 /* 正则校验Tests */,
				B0943ACB1FC2AAAD00BE4E59 /* 正则校验UITests */,
			);
		};
/* End PBXProject section */

/* Begin PBXResourcesBuildPhase section */
		B0943AA61FC2AAAC00BE4E59 /* Resources */ = {
			isa = PBXResourcesBuildPhase;
			buildActionMask = 2147483647;
			files = (
				B0943ABB1FC2AAAC00BE4E59 /* LaunchScreen.storyboard in Resources */,
				B0943AB81FC2AAAC00BE4E59 /* Assets.xcassets in Resources */,
				B0943AB61FC2AAAC00BE4E59 /* Main.storyboard in Resources */,
			);
			runOnlyForDeploymentPostprocessing = 0;
		};
		B0943ABF1FC2AAAD00BE4E59 /* Resources */ = {
			isa = PBXResourcesBuildPhase;
			buildActionMask = 2147483647;
			files = (
			);
			runOnlyForDeploymentPostprocessing = 0;
		};
		B0943ACA1FC2AAAD00BE4E59 /* Resources */ = {
			isa = PBXResourcesBuildPhase;
			buildActionMask = 2147483647;
			files = (
			);
			runOnlyForDeploymentPostprocessing = 0;
		};
/* End PBXResourcesBuildPhase section */

/* Begin PBXSourcesBuildPhase section */
		B0943AA41FC2AAAC00BE4E59 /* Sources */ = {
			isa = PBXSourcesBuildPhase;
			buildActionMask = 2147483647;
			files = (
				B0943AB31FC2AAAC00BE4E59 /* ViewController.m in Sources */,
				B0943AB01FC2AAAC00BE4E59 /* AppDelegate.m in Sources */,
				B0943AAD1FC2AAAC00BE4E59 /* main.m in Sources */,
			);
			runOnlyForDeploymentPostprocessing = 0;
		};
		B0943ABD1FC2AAAD00BE4E59 /* Sources */ = {
			isa = PBXSourcesBuildPhase;
			buildActionMask = 2147483647;
			files = (
				B0943AC61FC2AAAD00BE4E59 /* ____Tests.m in Sources */,
			);
			runOnlyForDeploymentPostprocessing = 0;
		};
		B0943AC81FC2AAAD00BE4E59 /* Sources */ = {
			isa = PBXSourcesBuildPhase;
			buildActionMask = 2147483647;
			files = (
				B0943AD11FC2AAAD00BE4E59 /* ____UITests.m in Sources */,
			);
			runOnlyForDeploymentPostprocessing = 0;
		};
/* End PBXSourcesBuildPhase section */

/* Begin PBXTargetDependency section */
		B0943AC31FC2AAAD00BE4E59 /* PBXTargetDependency */ = {
			isa = PBXTargetDependency;
			target = B0943AA71FC2AAAC00BE4E59 /* 正则校验 */;
			targetProxy = B0943AC21FC2AAAD00BE4E59 /* PBXContainerItemProxy */;
		};
		B0943ACE1FC2AAAD00BE4E59 /* PBXTargetDependency */ = {
			isa = PBXTargetDependency;
			target = B0943AA71FC2AAAC00BE4E59 /* 正则校验 */;
			targetProxy = B0943ACD1FC2AAAD00BE4E59 /* PBXContainerItemProxy */;
		};
/* End PBXTargetDependency section */

/* Begin PBXVariantGroup section */
		B0943AB41FC2AAAC00BE4E59 /* Main.storyboard */ = {
			isa = PBXVariantGroup;
			children = (
				B0943AB51FC2AAAC00BE4E59 /* Base */,
			);
			name = Main.storyboard;
			sourceTree = "<group>";
		};
		B0943AB91FC2AAAC00BE4E59 /* LaunchScreen.storyboard */ = {
			isa = PBXVariantGroup;
			children = (
				B0943ABA1FC2AAAC00BE4E59 /* Base */,
			);
			name = LaunchScreen.storyboard;
			sourceTree = "<group>";
		};
/* End PBXVariantGroup section */

/* Begin XCBuildConfiguration section */
		B0943AD31FC2AAAD00BE4E59 /* Debug */ = {
			isa = XCBuildConfiguration;
			buildSettings = {
				ALWAYS_SEARCH_USER_PATHS = NO;
				CLANG_ANALYZER_NONNULL = YES;
				CLANG_CXX_LANGUAGE_STANDARD = "gnu++0x";
				CLANG_CXX_LIBRARY = "libc++";
				CLANG_ENABLE_MODULES = YES;
				CLANG_ENABLE_OBJC_ARC = YES;
				CLANG_WARN_BOOL_CONVERSION = YES;
				CLANG_WARN_CONSTANT_CONVERSION = YES;
				CLANG_WARN_DIRECT_OBJC_ISA_USAGE = YES_ERROR;
				CLANG_WARN_DOCUMENTATION_COMMENTS = YES;
				CLANG_WARN_EMPTY_BODY = YES;
				CLANG_WARN_ENUM_CONVERSION = YES;
				CLANG_WARN_INFINITE_RECURSION = YES;
				CLANG_WARN_INT_CONVERSION = YES;
				CLANG_WARN_OBJC_ROOT_CLASS = YES_ERROR;
				CLANG_WARN_SUSPICIOUS_MOVE = YES;
				CLANG_WARN_UNREACHABLE_CODE = YES;
				CLANG_WARN__DUPLICATE_METHOD_MATCH = YES;
				"CODE_SIGN_IDENTITY[sdk=iphoneos*]" = "iPhone Developer";
				COPY_PHASE_STRIP = NO;
				DEBUG_INFORMATION_FORMAT = dwarf;
				ENABLE_STRICT_OBJC_MSGSEND = YES;
				ENABLE_TESTABILITY = YES;
				GCC_C_LANGUAGE_STANDARD = gnu99;
				GCC_DYNAMIC_NO_PIC = NO;
				GCC_NO_COMMON_BLOCKS = YES;
				GCC_OPTIMIZATION_LEVEL = 0;
				GCC_PREPROCESSOR_DEFINITIONS = (
					"DEBUG=1",
					"$(inherited)",
				);
				GCC_WARN_64_TO_32_BIT_CONVERSION = YES;
				GCC_WARN_ABOUT_RETURN_TYPE = YES_ERROR;
				GCC_WARN_UNDECLARED_SELECTOR = YES;
				GCC_WARN_UNINITIALIZED_AUTOS = YES_AGGRESSIVE;
				GCC_WARN_UNUSED_FUNCTION = YES;
				GCC_WARN_UNUSED_VARIABLE = YES;
				IPHONEOS_DEPLOYMENT_TARGET = 10.2;
				MTL_ENABLE_DEBUG_INFO = YES;
				ONLY_ACTIVE_ARCH = YES;
				SDKROOT = iphoneos;
				TARGETED_DEVICE_FAMILY = "1,2";
			};
			name = Debug;
		};
		B0943AD41FC2AAAD00BE4E59 /* Release */ = {
			isa = XCBuildConfiguration;
			buildSettings = {
				ALWAYS_SEARCH_USER_PATHS = NO;
				CLANG_ANALYZER_NONNULL = YES;
				CLANG_CXX_LANGUAGE_STANDARD = "gnu++0x";
				CLANG_CXX_LIBRARY = "libc++";
				CLANG_ENABLE_MODULES = YES;
				CLANG_ENABLE_OBJC_ARC = YES;
				CLANG_WARN_BOOL_CONVERSION = YES;
				CLANG_WARN_CONSTANT_CONVERSION = YES;
				CLANG_WARN_DIRECT_OBJC_ISA_USAGE = YES_ERROR;
				CLANG_WARN_DOCUMENTATION_COMMENTS = YES;
				CLANG_WARN_EMPTY_BODY = YES;
				CLANG_WARN_ENUM_CONVERSION = YES;
				CLANG_WARN_INFINITE_RECURSION = YES;
				CLANG_WARN_INT_CONVERSION = YES;
				CLANG_WARN_OBJC_ROOT_CLASS = YES_ERROR;
				CLANG_WARN_SUSPICIOUS_MOVE = YES;
				CLANG_WARN_UNREACHABLE_CODE = YES;
				CLANG_WARN__DUPLICATE_METHOD_MATCH = YES;
				"CODE_SIGN_IDENTITY[sdk=iphoneos*]" = "iPhone Developer";
				COPY_PHASE_STRIP = NO;
				DEBUG_INFORMATION_FORMAT = "dwarf-with-dsym";
				ENABLE_NS_ASSERTIONS = NO;
				ENABLE_STRICT_OBJC_MSGSEND = YES;
				GCC_C_LANGUAGE_STANDARD = gnu99;
				GCC_NO_COMMON_BLOCKS = YES;
				GCC_WARN_64_TO_32_BIT_CONVERSION = YES;
				GCC_WARN_ABOUT_RETURN_TYPE = YES_ERROR;
				GCC_WARN_UNDECLARED_SELECTOR = YES;
				GCC_WARN_UNINITIALIZED_AUTOS = YES_AGGRESSIVE;
				GCC_WARN_UNUSED_FUNCTION = YES;
				GCC_WARN_UNUSED_VARIABLE = YES;
				IPHONEOS_DEPLOYMENT_TARGET = 10.2;
				MTL_ENABLE_DEBUG_INFO = NO;
				SDKROOT = iphoneos;
				TARGETED_DEVICE_FAMILY = "1,2";
				VALIDATE_PRODUCT = YES;
			};
			name = Release;
		};
		B0943AD61FC2AAAD00BE4E59 /* Debug */ = {
			isa = XCBuildConfiguration;
			buildSettings = {
				ASSETCATALOG_COMPILER_APPICON_NAME = AppIcon;
				DEVELOPMENT_TEAM = AG7ZCYPPL5;
				INFOPLIST_FILE = "正则校验/Info.plist";
				LD_RUNPATH_SEARCH_PATHS = "$(inherited) @executable_path/Frameworks";
				PRODUCT_BUNDLE_IDENTIFIER = "guanjun.yang.----";
				PRODUCT_NAME = "$(TARGET_NAME)";
			};
			name = Debug;
		};
		B0943AD71FC2AAAD00BE4E59 /* Release */ = {
			isa = XCBuildConfiguration;
			buildSettings = {
				ASSETCATALOG_COMPILER_APPICON_NAME = AppIcon;
				DEVELOPMENT_TEAM = AG7ZCYPPL5;
				INFOPLIST_FILE = "正则校验/Info.plist";
				LD_RUNPATH_SEARCH_PATHS = "$(inherited) @executable_path/Frameworks";
				PRODUCT_BUNDLE_IDENTIFIER = "guanjun.yang.----";
				PRODUCT_NAME = "$(TARGET_NAME)";
			};
			name = Release;
		};
		B0943AD91FC2AAAD00BE4E59 /* Debug */ = {
			isa = XCBuildConfiguration;
			buildSettings = {
				BUNDLE_LOADER = "$(TEST_HOST)";
				DEVELOPMENT_TEAM = AG7ZCYPPL5;
				INFOPLIST_FILE = "正则校验Tests/Info.plist";
				LD_RUNPATH_SEARCH_PATHS = "$(inherited) @executable_path/Frameworks @loader_path/Frameworks";
				PRODUCT_BUNDLE_IDENTIFIER = "guanjun.yang.----Tests";
				PRODUCT_NAME = "$(TARGET_NAME)";
				TEST_HOST = "$(BUILT_PRODUCTS_DIR)/正则校验.app/正则校验";
			};
			name = Debug;
		};
		B0943ADA1FC2AAAD00BE4E59 /* Release */ = {
			isa = XCBuildConfiguration;
			buildSettings = {
				BUNDLE_LOADER = "$(TEST_HOST)";
				DEVELOPMENT_TEAM = AG7ZCYPPL5;
				INFOPLIST_FILE = "正则校验Tests/Info.plist";
				LD_RUNPATH_SEARCH_PATHS = "$(inherited) @executable_path/Frameworks @loader_path/Frameworks";
				PRODUCT_BUNDLE_IDENTIFIER = "guanjun.yang.----Tests";
				PRODUCT_NAME = "$(TARGET_NAME)";
				TEST_HOST = "$(BUILT_PRODUCTS_DIR)/正则校验.app/正则校验";
			};
			name = Release;
		};
		B0943ADC1FC2AAAD00BE4E59 /* Debug */ = {
			isa = XCBuildConfiguration;
			buildSettings = {
				DEVELOPMENT_TEAM = AG7ZCYPPL5;
				INFOPLIST_FILE = "正则校验UITests/Info.plist";
				LD_RUNPATH_SEARCH_PATHS = "$(inherited) @executable_path/Frameworks @loader_path/Frameworks";
				PRODUCT_BUNDLE_IDENTIFIER = "guanjun.yang.----UITests";
				PRODUCT_NAME = "$(TARGET_NAME)";
				TEST_TARGET_NAME = "正则校验";
			};
			name = Debug;
		};
		B0943ADD1FC2AAAD00BE4E59 /* Release */ = {
			isa = XCBuildConfiguration;
			buildSettings = {
				DEVELOPMENT_TEAM = AG7ZCYPPL5;
				INFOPLIST_FILE = "正则校验UITests/Info.plist";
				LD_RUNPATH_SEARCH_PATHS = "$(inherited) @executable_path/Frameworks @loader_path/Frameworks";
				PRODUCT_BUNDLE_IDENTIFIER = "guanjun.yang.----UITests";
				PRODUCT_NAME = "$(TARGET_NAME)";
				TEST_TARGET_NAME = "正则校验";
			};
			name = Release;
		};
/* End XCBuildConfiguration section */

/* Begin XCConfigurationList section */
		B0943AA31FC2AAAC00BE4E59 /* Build configuration list for PBXProject "正则校验" */ = {
			isa = XCConfigurationList;
			buildConfigurations = (
				B0943AD31FC2AAAD00BE4E59 /* Debug */,
				B0943AD41FC2AAAD00BE4E59 /* Release */,
			);
			defaultConfigurationIsVisible = 0;
			defaultConfigurationName = Release;
		};
		B0943AD51FC2AAAD00BE4E59 /* Build configuration list for PBXNativeTarget "正则校验" */ = {
			isa = XCConfigurationList;
			buildConfigurations = (
				B0943AD61FC2AAAD00BE4E59 /* Debug */,
				B0943AD71FC2AAAD00BE4E59 /* Release */,
			);
			defaultConfigurationIsVisible = 0;
		};
		B0943AD81FC2AAAD00BE4E59 /* Build configuration list for PBXNativeTarget "正则校验Tests" */ = {
			isa = XCConfigurationList;
			buildConfigurations = (
				B0943AD91FC2AAAD00BE4E59 /* Debug */,
				B0943ADA1FC2AAAD00BE4E59 /* Release */,
			);
			defaultConfigurationIsVisible = 0;
		};
		B0943ADB1FC2AAAD00BE4E59 /* Build configuration list for PBXNativeTarget "正则校验UITests" */ = {
			isa = XCConfigurationList;
			buildConfigurations = (
				B0943ADC1FC2AAAD00BE4E59 /* Debug */,
				B0943ADD1FC2AAAD00BE4E59 /* Release */,
			);
			defaultConfigurationIsVisible = 0;
		};
/* End XCConfigurationList section */
	};
	rootObject = B0943AA01FC2AAAC00BE4E59 /* Project object */;
}
